// !$*UTF8*$!
{
	archiveVersion = 1;
	classes = {
	};
	objectVersion = 46;
	objects = {

/* Begin PBXBuildFile section */
		3272E2261D4E83F700142DD9 /* FileManagerTests.swift in Sources */ = {isa = PBXBuildFile; fileRef = 3272E2251D4E83F700142DD9 /* FileManagerTests.swift */; };
		3272E2271D4E842C00142DD9 /* Argo.framework in Frameworks */ = {isa = PBXBuildFile; fileRef = 32ED5A2B1D32A08300142DD9 /* Argo.framework */; };
		32ED5A2E1D32A08300142DD9 /* Argo.h in Headers */ = {isa = PBXBuildFile; fileRef = 32ED5A2D1D32A08300142DD9 /* Argo.h */; settings = {ATTRIBUTES = (Public, ); }; };
		32ED5A3C1D32A11400142DD9 /* libArgo_objc.a in Frameworks */ = {isa = PBXBuildFile; fileRef = 32ED5A391D32A11400142DD9 /* libArgo_objc.a */; };
		32ED5A3D1D32A11400142DD9 /* libArgo.a in Frameworks */ = {isa = PBXBuildFile; fileRef = 32ED5A3A1D32A11400142DD9 /* libArgo.a */; };
		32ED5A3E1D32A11400142DD9 /* libdjinni_objc.a in Frameworks */ = {isa = PBXBuildFile; fileRef = 32ED5A3B1D32A11400142DD9 /* libdjinni_objc.a */; };
		32FAE7A51D38C4F700142DD9 /* XFResponse.h in Headers */ = {isa = PBXBuildFile; fileRef = 32FAE7A11D38C4F700142DD9 /* XFResponse.h */; settings = {ATTRIBUTES = (Public, ); }; };
		32FAE7A61D38C4F700142DD9 /* XFRequest.h in Headers */ = {isa = PBXBuildFile; fileRef = 32FAE7A21D38C4F700142DD9 /* XFRequest.h */; settings = {ATTRIBUTES = (Public, ); }; };
		32FAE7A71D38C4F700142DD9 /* XFHttpRequestor.h in Headers */ = {isa = PBXBuildFile; fileRef = 32FAE7A31D38C4F700142DD9 /* XFHttpRequestor.h */; settings = {ATTRIBUTES = (Public, ); }; };
		32FAE7A81D38C4F700142DD9 /* XFError.h in Headers */ = {isa = PBXBuildFile; fileRef = 32FAE7A41D38C4F700142DD9 /* XFError.h */; settings = {ATTRIBUTES = (Public, ); }; };
		32FAE7A91D38C5EE00142DD9 /* HTTPRequestor.swift in Sources */ = {isa = PBXBuildFile; fileRef = 4C5A864C1D328AFA0045CE55 /* HTTPRequestor.swift */; };
		32FAE7AB1D38C62500142DD9 /* XFHttpRequestorCallback.h in Headers */ = {isa = PBXBuildFile; fileRef = 32FAE7AA1D38C62500142DD9 /* XFHttpRequestorCallback.h */; settings = {ATTRIBUTES = (Public, ); }; };
		32FAE7DC1D393B6800142DD9 /* libjson11.a in Frameworks */ = {isa = PBXBuildFile; fileRef = 32FAE7D31D393B5300142DD9 /* libjson11.a */; };
		4C1F25521D410C3400F7D7A2 /* FileManager.swift in Sources */ = {isa = PBXBuildFile; fileRef = 4C1F25511D410C3400F7D7A2 /* FileManager.swift */; };
		4C1F25551D4114E000F7D7A2 /* XFFileManager.h in Headers */ = {isa = PBXBuildFile; fileRef = 4C1F25541D4114E000F7D7A2 /* XFFileManager.h */; settings = {ATTRIBUTES = (Public, ); }; };
		4CADBF791D3D35570061F879 /* libleveldb.a in Frameworks */ = {isa = PBXBuildFile; fileRef = 4CADBF731D3D352E0061F879 /* libleveldb.a */; };
/* End PBXBuildFile section */

/* Begin PBXContainerItemProxy section */
		32FAE7B81D393B3A00142DD9 /* PBXContainerItemProxy */ = {
			isa = PBXContainerItemProxy;
			containerPortal = 32FAE7B01D393B3A00142DD9 /* support_lib.xcodeproj */;
			proxyType = 2;
			remoteGlobalIDString = 0C99AA4F95316AA552A79C55;
			remoteInfo = djinni_objc;
		};
		32FAE7CA1D393B4400142DD9 /* PBXContainerItemProxy */ = {
			isa = PBXContainerItemProxy;
			containerPortal = 32FAE7C41D393B4400142DD9 /* libArgo.xcodeproj */;
			proxyType = 2;
			remoteGlobalIDString = F946398AFCB6BFC9060DACE1;
			remoteInfo = libArgo;
		};
		32FAE7CC1D393B4400142DD9 /* PBXContainerItemProxy */ = {
			isa = PBXContainerItemProxy;
			containerPortal = 32FAE7C41D393B4400142DD9 /* libArgo.xcodeproj */;
			proxyType = 2;
			remoteGlobalIDString = D7E53CB60EEE7F0E502A039B;
			remoteInfo = libArgo_objc;
		};
		32FAE7D21D393B5300142DD9 /* PBXContainerItemProxy */ = {
			isa = PBXContainerItemProxy;
			containerPortal = 32FAE7CE1D393B5200142DD9 /* json11.xcodeproj */;
			proxyType = 2;
			remoteGlobalIDString = FBDF0630DFB409BA3B3C55F4;
			remoteInfo = json11;
		};
		32FAE7D41D393B6000142DD9 /* PBXContainerItemProxy */ = {
			isa = PBXContainerItemProxy;
			containerPortal = 32FAE7CE1D393B5200142DD9 /* json11.xcodeproj */;
			proxyType = 1;
			remoteGlobalIDString = 628B5EEE1406717033D202E7;
			remoteInfo = json11;
		};
		32FAE7D61D393B6000142DD9 /* PBXContainerItemProxy */ = {
			isa = PBXContainerItemProxy;
			containerPortal = 32FAE7C41D393B4400142DD9 /* libArgo.xcodeproj */;
			proxyType = 1;
			remoteGlobalIDString = 53863295E8DC3026435CCCB5;
			remoteInfo = libArgo;
		};
		32FAE7D81D393B6000142DD9 /* PBXContainerItemProxy */ = {
			isa = PBXContainerItemProxy;
			containerPortal = 32FAE7C41D393B4400142DD9 /* libArgo.xcodeproj */;
			proxyType = 1;
			remoteGlobalIDString = 99ECAEFE5E1A763DFE0C17C8;
			remoteInfo = libArgo_objc;
		};
		32FAE7DA1D393B6000142DD9 /* PBXContainerItemProxy */ = {
			isa = PBXContainerItemProxy;
			containerPortal = 32FAE7B01D393B3A00142DD9 /* support_lib.xcodeproj */;
			proxyType = 1;
			remoteGlobalIDString = D8395115E9C30FE491C2AC03;
			remoteInfo = djinni_objc;
		};
		4CADBF721D3D352E0061F879 /* PBXContainerItemProxy */ = {
			isa = PBXContainerItemProxy;
			containerPortal = 4CADBF6E1D3D352E0061F879 /* leveldb.xcodeproj */;
			proxyType = 2;
			remoteGlobalIDString = 8357802E368F5AEB4656026A;
			remoteInfo = leveldb;
		};
		4CADBF771D3D35420061F879 /* PBXContainerItemProxy */ = {
			isa = PBXContainerItemProxy;
			containerPortal = 4CADBF6E1D3D352E0061F879 /* leveldb.xcodeproj */;
			proxyType = 1;
			remoteGlobalIDString = 8E4FE8DEA02872CA4A974463;
			remoteInfo = leveldb;
		};
/* End PBXContainerItemProxy section */

/* Begin PBXFileReference section */
		321404541D242AB800142DD9 /* Info.plist */ = {isa = PBXFileReference; lastKnownFileType = text.plist.xml; name = Info.plist; path = ArgoApp/Info.plist; sourceTree = "<group>"; };
		321404591D242AB800142DD9 /* ArgoLib.xctest */ = {isa = PBXFileReference; explicitFileType = wrapper.cfbundle; includeInIndex = 0; path = ArgoLib.xctest; sourceTree = BUILT_PRODUCTS_DIR; };
		3214045F1D242AB800142DD9 /* Info.plist */ = {isa = PBXFileReference; lastKnownFileType = text.plist.xml; path = Info.plist; sourceTree = "<group>"; };
		3269D0971D24621500142DD9 /* libdjinni_objc.a */ = {isa = PBXFileReference; lastKnownFileType = archive.ar; name = libdjinni_objc.a; path = "../dependencies/djinni/support-lib/build/Debug-iphoneos/libdjinni_objc.a"; sourceTree = "<group>"; };
		3269D0981D24621500142DD9 /* libArgo_objc.a */ = {isa = PBXFileReference; lastKnownFileType = archive.ar; name = libArgo_objc.a; path = "../build/Debug-iphoneos/libArgo_objc.a"; sourceTree = "<group>"; };
		3269D0991D24621500142DD9 /* libArgo.a */ = {isa = PBXFileReference; lastKnownFileType = archive.ar; name = libArgo.a; path = "../build/Debug-iphoneos/libArgo.a"; sourceTree = "<group>"; };
		3272E2251D4E83F700142DD9 /* FileManagerTests.swift */ = {isa = PBXFileReference; fileEncoding = 4; lastKnownFileType = sourcecode.swift; path = FileManagerTests.swift; sourceTree = "<group>"; };
		32ED5A2B1D32A08300142DD9 /* Argo.framework */ = {isa = PBXFileReference; explicitFileType = wrapper.framework; includeInIndex = 0; path = Argo.framework; sourceTree = BUILT_PRODUCTS_DIR; };
		32ED5A2D1D32A08300142DD9 /* Argo.h */ = {isa = PBXFileReference; lastKnownFileType = sourcecode.c.h; path = Argo.h; sourceTree = "<group>"; };
		32ED5A2F1D32A08300142DD9 /* Info.plist */ = {isa = PBXFileReference; lastKnownFileType = text.plist.xml; path = Info.plist; sourceTree = "<group>"; };
		32ED5A391D32A11400142DD9 /* libArgo_objc.a */ = {isa = PBXFileReference; lastKnownFileType = archive.ar; name = libArgo_objc.a; path = "../../../Library/Developer/Xcode/DerivedData/ArgoApp-cllrmclybpnmqibcbpgrsbqlobmy/Build/Products/Debug-iphonesimulator/libArgo_objc.a"; sourceTree = "<group>"; };
		32ED5A3A1D32A11400142DD9 /* libArgo.a */ = {isa = PBXFileReference; lastKnownFileType = archive.ar; name = libArgo.a; path = "../../../Library/Developer/Xcode/DerivedData/ArgoApp-cllrmclybpnmqibcbpgrsbqlobmy/Build/Products/Debug-iphonesimulator/libArgo.a"; sourceTree = "<group>"; };
		32ED5A3B1D32A11400142DD9 /* libdjinni_objc.a */ = {isa = PBXFileReference; lastKnownFileType = archive.ar; name = libdjinni_objc.a; path = "../../../Library/Developer/Xcode/DerivedData/ArgoApp-cllrmclybpnmqibcbpgrsbqlobmy/Build/Products/Debug-iphonesimulator/libdjinni_objc.a"; sourceTree = "<group>"; };
		32ED5A461D32A62900142DD9 /* module.modulemap */ = {isa = PBXFileReference; fileEncoding = 4; lastKnownFileType = "sourcecode.module-map"; path = module.modulemap; sourceTree = "<group>"; };
		32FAE7A11D38C4F700142DD9 /* XFResponse.h */ = {isa = PBXFileReference; fileEncoding = 4; lastKnownFileType = sourcecode.c.h; name = XFResponse.h; path = generated/XFResponse.h; sourceTree = SOURCE_ROOT; };
		32FAE7A21D38C4F700142DD9 /* XFRequest.h */ = {isa = PBXFileReference; fileEncoding = 4; lastKnownFileType = sourcecode.c.h; name = XFRequest.h; path = generated/XFRequest.h; sourceTree = SOURCE_ROOT; };
		32FAE7A31D38C4F700142DD9 /* XFHttpRequestor.h */ = {isa = PBXFileReference; fileEncoding = 4; lastKnownFileType = sourcecode.c.h; name = XFHttpRequestor.h; path = generated/XFHttpRequestor.h; sourceTree = SOURCE_ROOT; };
		32FAE7A41D38C4F700142DD9 /* XFError.h */ = {isa = PBXFileReference; fileEncoding = 4; lastKnownFileType = sourcecode.c.h; name = XFError.h; path = generated/XFError.h; sourceTree = SOURCE_ROOT; };
		32FAE7AA1D38C62500142DD9 /* XFHttpRequestorCallback.h */ = {isa = PBXFileReference; fileEncoding = 4; lastKnownFileType = sourcecode.c.h; name = XFHttpRequestorCallback.h; path = generated/XFHttpRequestorCallback.h; sourceTree = SOURCE_ROOT; };
		32FAE7B01D393B3A00142DD9 /* support_lib.xcodeproj */ = {isa = PBXFileReference; lastKnownFileType = "wrapper.pb-project"; name = support_lib.xcodeproj; path = "build/dependencies/djinni/support-lib/support_lib.xcodeproj"; sourceTree = "<group>"; };
		32FAE7C41D393B4400142DD9 /* libArgo.xcodeproj */ = {isa = PBXFileReference; lastKnownFileType = "wrapper.pb-project"; name = libArgo.xcodeproj; path = build/libArgo.xcodeproj; sourceTree = "<group>"; };
		32FAE7CE1D393B5200142DD9 /* json11.xcodeproj */ = {isa = PBXFileReference; lastKnownFileType = "wrapper.pb-project"; name = json11.xcodeproj; path = build/dependencies/json11.xcodeproj; sourceTree = "<group>"; };
		4C1F25511D410C3400F7D7A2 /* FileManager.swift */ = {isa = PBXFileReference; fileEncoding = 4; lastKnownFileType = sourcecode.swift; path = FileManager.swift; sourceTree = "<group>"; };
		4C1F25541D4114E000F7D7A2 /* XFFileManager.h */ = {isa = PBXFileReference; fileEncoding = 4; lastKnownFileType = sourcecode.c.h; name = XFFileManager.h; path = generated/XFFileManager.h; sourceTree = SOURCE_ROOT; };
		4C5A864C1D328AFA0045CE55 /* HTTPRequestor.swift */ = {isa = PBXFileReference; fileEncoding = 4; lastKnownFileType = sourcecode.swift; name = HTTPRequestor.swift; path = Argo/HTTPRequestor.swift; sourceTree = SOURCE_ROOT; };
		4CADBF6E1D3D352E0061F879 /* leveldb.xcodeproj */ = {isa = PBXFileReference; lastKnownFileType = "wrapper.pb-project"; name = leveldb.xcodeproj; path = build/dependencies/leveldb.xcodeproj; sourceTree = "<group>"; };
/* End PBXFileReference section */

/* Begin PBXFrameworksBuildPhase section */
		321404561D242AB800142DD9 /* Frameworks */ = {
			isa = PBXFrameworksBuildPhase;
			buildActionMask = 2147483647;
			files = (
				3272E2271D4E842C00142DD9 /* Argo.framework in Frameworks */,
			);
			runOnlyForDeploymentPostprocessing = 0;
		};
		32ED5A271D32A08300142DD9 /* Frameworks */ = {
			isa = PBXFrameworksBuildPhase;
			buildActionMask = 2147483647;
			files = (
				4CADBF791D3D35570061F879 /* libleveldb.a in Frameworks */,
				32FAE7DC1D393B6800142DD9 /* libjson11.a in Frameworks */,
				32ED5A3C1D32A11400142DD9 /* libArgo_objc.a in Frameworks */,
				32ED5A3D1D32A11400142DD9 /* libArgo.a in Frameworks */,
				32ED5A3E1D32A11400142DD9 /* libdjinni_objc.a in Frameworks */,
			);
			runOnlyForDeploymentPostprocessing = 0;
		};
/* End PBXFrameworksBuildPhase section */

/* Begin PBXGroup section */
		17FC35B2447A3615D8EEEADF /* Frameworks */ = {
			isa = PBXGroup;
			children = (
				4CADBF6E1D3D352E0061F879 /* leveldb.xcodeproj */,
				32FAE7CE1D393B5200142DD9 /* json11.xcodeproj */,
				32FAE7C41D393B4400142DD9 /* libArgo.xcodeproj */,
				32FAE7B01D393B3A00142DD9 /* support_lib.xcodeproj */,
				32ED5A391D32A11400142DD9 /* libArgo_objc.a */,
				32ED5A3A1D32A11400142DD9 /* libArgo.a */,
				32ED5A3B1D32A11400142DD9 /* libdjinni_objc.a */,
			);
			name = Frameworks;
			sourceTree = "<group>";
		};
		3214043C1D242AB800142DD9 = {
			isa = PBXGroup;
			children = (
				32ED5A2C1D32A08300142DD9 /* Argo */,
				3214045C1D242AB800142DD9 /* ArgoLibTests */,
				3269D0601D242C0A00142DD9 /* Supporting Files */,
				321404461D242AB800142DD9 /* Products */,
				17FC35B2447A3615D8EEEADF /* Frameworks */,
			);
			sourceTree = "<group>";
		};
		321404461D242AB800142DD9 /* Products */ = {
			isa = PBXGroup;
			children = (
				321404591D242AB800142DD9 /* ArgoLib.xctest */,
				32ED5A2B1D32A08300142DD9 /* Argo.framework */,
			);
			name = Products;
			sourceTree = "<group>";
		};
		3214045C1D242AB800142DD9 /* ArgoLibTests */ = {
			isa = PBXGroup;
			children = (
				3272E2251D4E83F700142DD9 /* FileManagerTests.swift */,
				3214045F1D242AB800142DD9 /* Info.plist */,
			);
			name = ArgoLibTests;
			path = ArgoAppTests;
			sourceTree = "<group>";
		};
		3269D0601D242C0A00142DD9 /* Supporting Files */ = {
			isa = PBXGroup;
			children = (
				3269D0971D24621500142DD9 /* libdjinni_objc.a */,
				3269D0981D24621500142DD9 /* libArgo_objc.a */,
				3269D0991D24621500142DD9 /* libArgo.a */,
				321404541D242AB800142DD9 /* Info.plist */,
			);
			name = "Supporting Files";
			sourceTree = "<group>";
		};
		32ED5A2C1D32A08300142DD9 /* Argo */ = {
			isa = PBXGroup;
			children = (
				32ED5A481D32A8F000142DD9 /* Header */,
				32ED5A2F1D32A08300142DD9 /* Info.plist */,
				4C5A864C1D328AFA0045CE55 /* HTTPRequestor.swift */,
				4C1F25511D410C3400F7D7A2 /* FileManager.swift */,
			);
			path = Argo;
			sourceTree = "<group>";
		};
		32ED5A481D32A8F000142DD9 /* Header */ = {
			isa = PBXGroup;
			children = (
				32FAE7A11D38C4F700142DD9 /* XFResponse.h */,
				32FAE7A21D38C4F700142DD9 /* XFRequest.h */,
				32FAE7A31D38C4F700142DD9 /* XFHttpRequestor.h */,
				32FAE7AA1D38C62500142DD9 /* XFHttpRequestorCallback.h */,
				32FAE7A41D38C4F700142DD9 /* XFError.h */,
				4C1F25541D4114E000F7D7A2 /* XFFileManager.h */,
				32ED5A2D1D32A08300142DD9 /* Argo.h */,
				32ED5A461D32A62900142DD9 /* module.modulemap */,
			);
			name = Header;
			sourceTree = "<group>";
		};
		32FAE7B11D393B3A00142DD9 /* Products */ = {
			isa = PBXGroup;
			children = (
				32FAE7B91D393B3A00142DD9 /* libdjinni_objc.a */,
			);
			name = Products;
			sourceTree = "<group>";
		};
		32FAE7C51D393B4400142DD9 /* Products */ = {
			isa = PBXGroup;
			children = (
				32FAE7CB1D393B4400142DD9 /* libArgo.a */,
				32FAE7CD1D393B4400142DD9 /* libArgo_objc.a */,
			);
			name = Products;
			sourceTree = "<group>";
		};
		32FAE7CF1D393B5200142DD9 /* Products */ = {
			isa = PBXGroup;
			children = (
				32FAE7D31D393B5300142DD9 /* libjson11.a */,
			);
			name = Products;
			sourceTree = "<group>";
		};
		4CADBF6F1D3D352E0061F879 /* Products */ = {
			isa = PBXGroup;
			children = (
				4CADBF731D3D352E0061F879 /* libleveldb.a */,
			);
			name = Products;
			sourceTree = "<group>";
		};
/* End PBXGroup section */

/* Begin PBXHeadersBuildPhase section */
		32ED5A281D32A08300142DD9 /* Headers */ = {
			isa = PBXHeadersBuildPhase;
			buildActionMask = 2147483647;
			files = (
				4C1F25551D4114E000F7D7A2 /* XFFileManager.h in Headers */,
				32FAE7A61D38C4F700142DD9 /* XFRequest.h in Headers */,
				32ED5A2E1D32A08300142DD9 /* Argo.h in Headers */,
				32FAE7A71D38C4F700142DD9 /* XFHttpRequestor.h in Headers */,
				32FAE7A51D38C4F700142DD9 /* XFResponse.h in Headers */,
				32FAE7A81D38C4F700142DD9 /* XFError.h in Headers */,
				32FAE7AB1D38C62500142DD9 /* XFHttpRequestorCallback.h in Headers */,
			);
			runOnlyForDeploymentPostprocessing = 0;
		};
/* End PBXHeadersBuildPhase section */

/* Begin PBXNativeTarget section */
		321404581D242AB800142DD9 /* ArgoLibTests */ = {
			isa = PBXNativeTarget;
			buildConfigurationList = 321404701D242AB800142DD9 /* Build configuration list for PBXNativeTarget "ArgoLibTests" */;
			buildPhases = (
				321404551D242AB800142DD9 /* Sources */,
				321404561D242AB800142DD9 /* Frameworks */,
				321404571D242AB800142DD9 /* Resources */,
			);
			buildRules = (
			);
			dependencies = (
			);
			name = ArgoLibTests;
			productName = ArgoAppTests;
			productReference = 321404591D242AB800142DD9 /* ArgoLib.xctest */;
			productType = "com.apple.product-type.bundle.unit-test";
		};
		32ED5A2A1D32A08300142DD9 /* Argo */ = {
			isa = PBXNativeTarget;
			buildConfigurationList = 32ED5A361D32A08300142DD9 /* Build configuration list for PBXNativeTarget "Argo" */;
			buildPhases = (
				32ED5A261D32A08300142DD9 /* Sources */,
				32ED5A271D32A08300142DD9 /* Frameworks */,
				32ED5A281D32A08300142DD9 /* Headers */,
				32ED5A291D32A08300142DD9 /* Resources */,
			);
			buildRules = (
			);
			dependencies = (
				4CADBF781D3D35420061F879 /* PBXTargetDependency */,
				32FAE7D51D393B6000142DD9 /* PBXTargetDependency */,
				32FAE7D71D393B6000142DD9 /* PBXTargetDependency */,
				32FAE7D91D393B6000142DD9 /* PBXTargetDependency */,
				32FAE7DB1D393B6000142DD9 /* PBXTargetDependency */,
			);
			name = Argo;
			productName = Argo;
			productReference = 32ED5A2B1D32A08300142DD9 /* Argo.framework */;
			productType = "com.apple.product-type.framework";
		};
/* End PBXNativeTarget section */

/* Begin PBXProject section */
		3214043D1D242AB800142DD9 /* Project object */ = {
			isa = PBXProject;
			attributes = {
				LastSwiftUpdateCheck = 0730;
				LastUpgradeCheck = 0730;
				TargetAttributes = {
					321404581D242AB800142DD9 = {
						CreatedOnToolsVersion = 7.3.1;
					};
					32ED5A2A1D32A08300142DD9 = {
						CreatedOnToolsVersion = 7.3.1;
					};
				};
			};
			buildConfigurationList = 321404401D242AB800142DD9 /* Build configuration list for PBXProject "ArgoLib" */;
			compatibilityVersion = "Xcode 3.2";
			developmentRegion = English;
			hasScannedForEncodings = 0;
			knownRegions = (
				en,
				Base,
			);
			mainGroup = 3214043C1D242AB800142DD9;
			productRefGroup = 321404461D242AB800142DD9 /* Products */;
			projectDirPath = "";
			projectReferences = (
				{
					ProductGroup = 32FAE7CF1D393B5200142DD9 /* Products */;
					ProjectRef = 32FAE7CE1D393B5200142DD9 /* json11.xcodeproj */;
				},
				{
					ProductGroup = 4CADBF6F1D3D352E0061F879 /* Products */;
					ProjectRef = 4CADBF6E1D3D352E0061F879 /* leveldb.xcodeproj */;
				},
				{
					ProductGroup = 32FAE7C51D393B4400142DD9 /* Products */;
					ProjectRef = 32FAE7C41D393B4400142DD9 /* libArgo.xcodeproj */;
				},
				{
					ProductGroup = 32FAE7B11D393B3A00142DD9 /* Products */;
					ProjectRef = 32FAE7B01D393B3A00142DD9 /* support_lib.xcodeproj */;
				},
			);
			projectRoot = "";
			targets = (
				32ED5A2A1D32A08300142DD9 /* Argo */,
				321404581D242AB800142DD9 /* ArgoLibTests */,
			);
		};
/* End PBXProject section */

/* Begin PBXReferenceProxy section */
		32FAE7B91D393B3A00142DD9 /* libdjinni_objc.a */ = {
			isa = PBXReferenceProxy;
			fileType = archive.ar;
			path = libdjinni_objc.a;
			remoteRef = 32FAE7B81D393B3A00142DD9 /* PBXContainerItemProxy */;
			sourceTree = BUILT_PRODUCTS_DIR;
		};
		32FAE7CB1D393B4400142DD9 /* libArgo.a */ = {
			isa = PBXReferenceProxy;
			fileType = archive.ar;
			path = libArgo.a;
			remoteRef = 32FAE7CA1D393B4400142DD9 /* PBXContainerItemProxy */;
			sourceTree = BUILT_PRODUCTS_DIR;
		};
		32FAE7CD1D393B4400142DD9 /* libArgo_objc.a */ = {
			isa = PBXReferenceProxy;
			fileType = archive.ar;
			path = libArgo_objc.a;
			remoteRef = 32FAE7CC1D393B4400142DD9 /* PBXContainerItemProxy */;
			sourceTree = BUILT_PRODUCTS_DIR;
		};
		32FAE7D31D393B5300142DD9 /* libjson11.a */ = {
			isa = PBXReferenceProxy;
			fileType = archive.ar;
			path = libjson11.a;
			remoteRef = 32FAE7D21D393B5300142DD9 /* PBXContainerItemProxy */;
			sourceTree = BUILT_PRODUCTS_DIR;
		};
		4CADBF731D3D352E0061F879 /* libleveldb.a */ = {
			isa = PBXReferenceProxy;
			fileType = archive.ar;
			path = libleveldb.a;
			remoteRef = 4CADBF721D3D352E0061F879 /* PBXContainerItemProxy */;
			sourceTree = BUILT_PRODUCTS_DIR;
		};
/* End PBXReferenceProxy section */

/* Begin PBXResourcesBuildPhase section */
		321404571D242AB800142DD9 /* Resources */ = {
			isa = PBXResourcesBuildPhase;
			buildActionMask = 2147483647;
			files = (
			);
			runOnlyForDeploymentPostprocessing = 0;
		};
		32ED5A291D32A08300142DD9 /* Resources */ = {
			isa = PBXResourcesBuildPhase;
			buildActionMask = 2147483647;
			files = (
			);
			runOnlyForDeploymentPostprocessing = 0;
		};
/* End PBXResourcesBuildPhase section */

/* Begin PBXSourcesBuildPhase section */
		321404551D242AB800142DD9 /* Sources */ = {
			isa = PBXSourcesBuildPhase;
			buildActionMask = 2147483647;
			files = (
				3272E2261D4E83F700142DD9 /* FileManagerTests.swift in Sources */,
			);
			runOnlyForDeploymentPostprocessing = 0;
		};
		32ED5A261D32A08300142DD9 /* Sources */ = {
			isa = PBXSourcesBuildPhase;
			buildActionMask = 2147483647;
			files = (
				32FAE7A91D38C5EE00142DD9 /* HTTPRequestor.swift in Sources */,
				4C1F25521D410C3400F7D7A2 /* FileManager.swift in Sources */,
			);
			runOnlyForDeploymentPostprocessing = 0;
		};
/* End PBXSourcesBuildPhase section */

/* Begin PBXTargetDependency section */
		32FAE7D51D393B6000142DD9 /* PBXTargetDependency */ = {
			isa = PBXTargetDependency;
			name = json11;
			targetProxy = 32FAE7D41D393B6000142DD9 /* PBXContainerItemProxy */;
		};
		32FAE7D71D393B6000142DD9 /* PBXTargetDependency */ = {
			isa = PBXTargetDependency;
			name = libArgo;
			targetProxy = 32FAE7D61D393B6000142DD9 /* PBXContainerItemProxy */;
		};
		32FAE7D91D393B6000142DD9 /* PBXTargetDependency */ = {
			isa = PBXTargetDependency;
			name = libArgo_objc;
			targetProxy = 32FAE7D81D393B6000142DD9 /* PBXContainerItemProxy */;
		};
		32FAE7DB1D393B6000142DD9 /* PBXTargetDependency */ = {
			isa = PBXTargetDependency;
			name = djinni_objc;
			targetProxy = 32FAE7DA1D393B6000142DD9 /* PBXContainerItemProxy */;
		};
		4CADBF781D3D35420061F879 /* PBXTargetDependency */ = {
			isa = PBXTargetDependency;
			name = leveldb;
			targetProxy = 4CADBF771D3D35420061F879 /* PBXContainerItemProxy */;
		};
/* End PBXTargetDependency section */

/* Begin XCBuildConfiguration section */
		3214046B1D242AB800142DD9 /* Debug */ = {
			isa = XCBuildConfiguration;
			buildSettings = {
				ALWAYS_SEARCH_USER_PATHS = NO;
				CLANG_ANALYZER_NONNULL = YES;
				CLANG_CXX_LANGUAGE_STANDARD = "gnu++0x";
				CLANG_CXX_LIBRARY = "libc++";
				CLANG_ENABLE_MODULES = YES;
				CLANG_ENABLE_OBJC_ARC = YES;
				CLANG_WARN_BOOL_CONVERSION = YES;
				CLANG_WARN_CONSTANT_CONVERSION = YES;
				CLANG_WARN_DIRECT_OBJC_ISA_USAGE = YES_ERROR;
				CLANG_WARN_EMPTY_BODY = YES;
				CLANG_WARN_ENUM_CONVERSION = YES;
				CLANG_WARN_INT_CONVERSION = YES;
				CLANG_WARN_OBJC_ROOT_CLASS = YES_ERROR;
				CLANG_WARN_UNREACHABLE_CODE = YES;
				CLANG_WARN__DUPLICATE_METHOD_MATCH = YES;
				"CODE_SIGN_IDENTITY[sdk=iphoneos*]" = "iPhone Developer";
				COPY_PHASE_STRIP = NO;
				DEBUG_INFORMATION_FORMAT = dwarf;
				ENABLE_STRICT_OBJC_MSGSEND = YES;
				ENABLE_TESTABILITY = YES;
				GCC_C_LANGUAGE_STANDARD = gnu99;
				GCC_DYNAMIC_NO_PIC = NO;
				GCC_NO_COMMON_BLOCKS = YES;
				GCC_OPTIMIZATION_LEVEL = 0;
				GCC_PREPROCESSOR_DEFINITIONS = (
					"DEBUG=1",
					"$(inherited)",
				);
				GCC_WARN_64_TO_32_BIT_CONVERSION = YES;
				GCC_WARN_ABOUT_RETURN_TYPE = YES_ERROR;
				GCC_WARN_UNDECLARED_SELECTOR = YES;
				GCC_WARN_UNINITIALIZED_AUTOS = YES_AGGRESSIVE;
				GCC_WARN_UNUSED_FUNCTION = YES;
				GCC_WARN_UNUSED_VARIABLE = YES;
				IPHONEOS_DEPLOYMENT_TARGET = 9.3;
				MTL_ENABLE_DEBUG_INFO = YES;
				ONLY_ACTIVE_ARCH = YES;
				SDKROOT = iphoneos;
				SWIFT_OPTIMIZATION_LEVEL = "-Onone";
				TARGETED_DEVICE_FAMILY = "1,2";
			};
			name = Debug;
		};
		3214046C1D242AB800142DD9 /* Release */ = {
			isa = XCBuildConfiguration;
			buildSettings = {
				ALWAYS_SEARCH_USER_PATHS = NO;
				CLANG_ANALYZER_NONNULL = YES;
				CLANG_CXX_LANGUAGE_STANDARD = "gnu++0x";
				CLANG_CXX_LIBRARY = "libc++";
				CLANG_ENABLE_MODULES = YES;
				CLANG_ENABLE_OBJC_ARC = YES;
				CLANG_WARN_BOOL_CONVERSION = YES;
				CLANG_WARN_CONSTANT_CONVERSION = YES;
				CLANG_WARN_DIRECT_OBJC_ISA_USAGE = YES_ERROR;
				CLANG_WARN_EMPTY_BODY = YES;
				CLANG_WARN_ENUM_CONVERSION = YES;
				CLANG_WARN_INT_CONVERSION = YES;
				CLANG_WARN_OBJC_ROOT_CLASS = YES_ERROR;
				CLANG_WARN_UNREACHABLE_CODE = YES;
				CLANG_WARN__DUPLICATE_METHOD_MATCH = YES;
				"CODE_SIGN_IDENTITY[sdk=iphoneos*]" = "iPhone Developer";
				COPY_PHASE_STRIP = NO;
				DEBUG_INFORMATION_FORMAT = "dwarf-with-dsym";
				ENABLE_NS_ASSERTIONS = NO;
				ENABLE_STRICT_OBJC_MSGSEND = YES;
				GCC_C_LANGUAGE_STANDARD = gnu99;
				GCC_NO_COMMON_BLOCKS = YES;
				GCC_WARN_64_TO_32_BIT_CONVERSION = YES;
				GCC_WARN_ABOUT_RETURN_TYPE = YES_ERROR;
				GCC_WARN_UNDECLARED_SELECTOR = YES;
				GCC_WARN_UNINITIALIZED_AUTOS = YES_AGGRESSIVE;
				GCC_WARN_UNUSED_FUNCTION = YES;
				GCC_WARN_UNUSED_VARIABLE = YES;
				IPHONEOS_DEPLOYMENT_TARGET = 9.3;
				MTL_ENABLE_DEBUG_INFO = NO;
				SDKROOT = iphoneos;
				TARGETED_DEVICE_FAMILY = "1,2";
				VALIDATE_PRODUCT = YES;
			};
			name = Release;
		};
		321404711D242AB800142DD9 /* Debug */ = {
			isa = XCBuildConfiguration;
			buildSettings = {
				HEADER_SEARCH_PATHS = (
					generated,
					"$(inherited)",
				);
				INFOPLIST_FILE = ArgoAppTests/Info.plist;
				LD_RUNPATH_SEARCH_PATHS = "$(inherited) @executable_path/Frameworks @loader_path/Frameworks";
				PRODUCT_BUNDLE_IDENTIFIER = at.xforge.argoENTIFIER.ArgoAppTests;
				PRODUCT_NAME = ArgoLib;
			};
			name = Debug;
		};
		321404721D242AB800142DD9 /* Release */ = {
			isa = XCBuildConfiguration;
			buildSettings = {
				HEADER_SEARCH_PATHS = (
					generated,
					"$(inherited)",
				);
				INFOPLIST_FILE = ArgoAppTests/Info.plist;
				LD_RUNPATH_SEARCH_PATHS = "$(inherited) @executable_path/Frameworks @loader_path/Frameworks";
				PRODUCT_BUNDLE_IDENTIFIER = at.xforge.argoENTIFIER.ArgoAppTests;
				PRODUCT_NAME = ArgoLib;
			};
			name = Release;
		};
		32ED5A341D32A08300142DD9 /* Debug */ = {
			isa = XCBuildConfiguration;
			buildSettings = {
				CLANG_ENABLE_MODULES = YES;
				CURRENT_PROJECT_VERSION = 1;
				DEFINES_MODULE = YES;
				DYLIB_COMPATIBILITY_VERSION = 1;
				DYLIB_CURRENT_VERSION = 1;
				DYLIB_INSTALL_NAME_BASE = "@rpath";
				HEADER_SEARCH_PATHS = generated;
				INFOPLIST_FILE = Argo/Info.plist;
				INSTALL_PATH = "$(LOCAL_LIBRARY_DIR)/Frameworks";
				IPHONEOS_DEPLOYMENT_TARGET = 9.0;
				LD_RUNPATH_SEARCH_PATHS = "$(inherited) @executable_path/Frameworks @loader_path/Frameworks";
				MODULEMAP_FILE = "$(SRCROOT)/Argo/module.modulemap";
				OTHER_LDFLAGS = (
					"-lstdc++",
					"-all_load",
				);
				PRODUCT_BUNDLE_IDENTIFIER = at.xforge.Argo;
				PRODUCT_NAME = "$(TARGET_NAME)";
				SKIP_INSTALL = YES;
				SWIFT_OBJC_BRIDGING_HEADER = "";
				SWIFT_OPTIMIZATION_LEVEL = "-Onone";
				VERSIONING_SYSTEM = "apple-generic";
				VERSION_INFO_PREFIX = "";
			};
			name = Debug;
		};
		32ED5A351D32A08300142DD9 /* Release */ = {
			isa = XCBuildConfiguration;
			buildSettings = {
				CLANG_ENABLE_MODULES = YES;
				CURRENT_PROJECT_VERSION = 1;
				DEFINES_MODULE = YES;
				DYLIB_COMPATIBILITY_VERSION = 1;
				DYLIB_CURRENT_VERSION = 1;
				DYLIB_INSTALL_NAME_BASE = "@rpath";
				HEADER_SEARCH_PATHS = generated;
				INFOPLIST_FILE = Argo/Info.plist;
				INSTALL_PATH = "$(LOCAL_LIBRARY_DIR)/Frameworks";
				IPHONEOS_DEPLOYMENT_TARGET = 9.0;
				LD_RUNPATH_SEARCH_PATHS = "$(inherited) @executable_path/Frameworks @loader_path/Frameworks";
				MODULEMAP_FILE = "$(SRCROOT)/Argo/module.modulemap";
				OTHER_LDFLAGS = (
					"-lstdc++",
					"-all_load",
				);
				PRODUCT_BUNDLE_IDENTIFIER = at.xforge.Argo;
				PRODUCT_NAME = "$(TARGET_NAME)";
				SKIP_INSTALL = YES;
				SWIFT_OBJC_BRIDGING_HEADER = "";
				VERSIONING_SYSTEM = "apple-generic";
				VERSION_INFO_PREFIX = "";
			};
			name = Release;
		};
/* End XCBuildConfiguration section */

/* Begin XCConfigurationList section */
		321404401D242AB800142DD9 /* Build configuration list for PBXProject "ArgoLib" */ = {
			isa = XCConfigurationList;
			buildConfigurations = (
				3214046B1D242AB800142DD9 /* Debug */,
				3214046C1D242AB800142DD9 /* Release */,
			);
			defaultConfigurationIsVisible = 0;
			defaultConfigurationName = Release;
		};
		321404701D242AB800142DD9 /* Build configuration list for PBXNativeTarget "ArgoLibTests" */ = {
			isa = XCConfigurationList;
			buildConfigurations = (
				321404711D242AB800142DD9 /* Debug */,
				321404721D242AB800142DD9 /* Release */,
			);
			defaultConfigurationIsVisible = 0;
			defaultConfigurationName = Release;
		};
		32ED5A361D32A08300142DD9 /* Build configuration list for PBXNativeTarget "Argo" */ = {
			isa = XCConfigurationList;
			buildConfigurations = (
				32ED5A341D32A08300142DD9 /* Debug */,
				32ED5A351D32A08300142DD9 /* Release */,
			);
			defaultConfigurationIsVisible = 0;
			defaultConfigurationName = Release;
		};
/* End XCConfigurationList section */
	};
	rootObject = 3214043D1D242AB800142DD9 /* Project object */;
}
