// !$*UTF8*$!
{
	archiveVersion = 1;
	classes = {
	};
	objectVersion = 46;
	objects = {

/* Begin PBXBuildFile section */
		18CF53D6B46106217240E36E /* Pods_ArgoAppUITests.framework in Frameworks */ = {isa = PBXBuildFile; fileRef = 3DEBC53978A47332D975E450 /* Pods_ArgoAppUITests.framework */; };
		1A68AF781F39F4DC9E73FFFC /* Pods_ArgoAppTests.framework in Frameworks */ = {isa = PBXBuildFile; fileRef = 44B2F6B3F54BC1380309B18C /* Pods_ArgoAppTests.framework */; };
		320958251D246E5E00142DD9 /* R.generated.swift in Sources */ = {isa = PBXBuildFile; fileRef = 320958241D246E5E00142DD9 /* R.generated.swift */; };
		321404491D242AB800142DD9 /* AppDelegate.swift in Sources */ = {isa = PBXBuildFile; fileRef = 321404481D242AB800142DD9 /* AppDelegate.swift */; };
		3214044B1D242AB800142DD9 /* ViewController.swift in Sources */ = {isa = PBXBuildFile; fileRef = 3214044A1D242AB800142DD9 /* ViewController.swift */; };
		3214044E1D242AB800142DD9 /* Main.storyboard in Resources */ = {isa = PBXBuildFile; fileRef = 3214044C1D242AB800142DD9 /* Main.storyboard */; };
		321404501D242AB800142DD9 /* Assets.xcassets in Resources */ = {isa = PBXBuildFile; fileRef = 3214044F1D242AB800142DD9 /* Assets.xcassets */; };
		321404531D242AB800142DD9 /* LaunchScreen.storyboard in Resources */ = {isa = PBXBuildFile; fileRef = 321404511D242AB800142DD9 /* LaunchScreen.storyboard */; };
		3214045E1D242AB800142DD9 /* ArgoAppTests.swift in Sources */ = {isa = PBXBuildFile; fileRef = 3214045D1D242AB800142DD9 /* ArgoAppTests.swift */; };
		321404691D242AB800142DD9 /* ArgoAppUITests.swift in Sources */ = {isa = PBXBuildFile; fileRef = 321404681D242AB800142DD9 /* ArgoAppUITests.swift */; };
		32ED5A2E1D32A08300142DD9 /* Argo.h in Headers */ = {isa = PBXBuildFile; fileRef = 32ED5A2D1D32A08300142DD9 /* Argo.h */; settings = {ATTRIBUTES = (Public, ); }; };
		32ED5A321D32A08300142DD9 /* Argo.framework in Frameworks */ = {isa = PBXBuildFile; fileRef = 32ED5A2B1D32A08300142DD9 /* Argo.framework */; };
		32ED5A331D32A08300142DD9 /* Argo.framework in Embed Frameworks */ = {isa = PBXBuildFile; fileRef = 32ED5A2B1D32A08300142DD9 /* Argo.framework */; settings = {ATTRIBUTES = (CodeSignOnCopy, RemoveHeadersOnCopy, ); }; };
		32ED5A3C1D32A11400142DD9 /* libArgo_objc.a in Frameworks */ = {isa = PBXBuildFile; fileRef = 32ED5A391D32A11400142DD9 /* libArgo_objc.a */; };
		32ED5A3D1D32A11400142DD9 /* libArgo.a in Frameworks */ = {isa = PBXBuildFile; fileRef = 32ED5A3A1D32A11400142DD9 /* libArgo.a */; };
		32ED5A3E1D32A11400142DD9 /* libdjinni_objc.a in Frameworks */ = {isa = PBXBuildFile; fileRef = 32ED5A3B1D32A11400142DD9 /* libdjinni_objc.a */; };
		32ED5A401D32A1B800142DD9 /* RecordGetterDelegate.swift in Sources */ = {isa = PBXBuildFile; fileRef = 32ED5A3F1D32A1B800142DD9 /* RecordGetterDelegate.swift */; };
		4C5A864D1D328AFA0045CE55 /* HTTPRequestor.swift in Sources */ = {isa = PBXBuildFile; fileRef = 4C5A864C1D328AFA0045CE55 /* HTTPRequestor.swift */; };
		32ED5A4C1D32A91D00142DD9 /* XFMyRecord.h in Headers */ = {isa = PBXBuildFile; fileRef = 32ED5A491D32A91D00142DD9 /* XFMyRecord.h */; settings = {ATTRIBUTES = (Public, ); }; };
		32ED5A4D1D32A91D00142DD9 /* XFMyRecordGetter.h in Headers */ = {isa = PBXBuildFile; fileRef = 32ED5A4A1D32A91D00142DD9 /* XFMyRecordGetter.h */; settings = {ATTRIBUTES = (Public, ); }; };
		32ED5A4E1D32A91D00142DD9 /* XFMyRecordGetterDelegate.h in Headers */ = {isa = PBXBuildFile; fileRef = 32ED5A4B1D32A91D00142DD9 /* XFMyRecordGetterDelegate.h */; settings = {ATTRIBUTES = (Public, ); }; };
		F7A11BB17E8C5DD856D84879 /* Pods_ArgoApp.framework in Frameworks */ = {isa = PBXBuildFile; fileRef = 4D820CC4CF083E465010004C /* Pods_ArgoApp.framework */; };
/* End PBXBuildFile section */

/* Begin PBXContainerItemProxy section */
		3214045A1D242AB800142DD9 /* PBXContainerItemProxy */ = {
			isa = PBXContainerItemProxy;
			containerPortal = 3214043D1D242AB800142DD9 /* Project object */;
			proxyType = 1;
			remoteGlobalIDString = 321404441D242AB800142DD9;
			remoteInfo = ArgoApp;
		};
		321404651D242AB800142DD9 /* PBXContainerItemProxy */ = {
			isa = PBXContainerItemProxy;
			containerPortal = 3214043D1D242AB800142DD9 /* Project object */;
			proxyType = 1;
			remoteGlobalIDString = 321404441D242AB800142DD9;
			remoteInfo = ArgoApp;
		};
		32ED5A301D32A08300142DD9 /* PBXContainerItemProxy */ = {
			isa = PBXContainerItemProxy;
			containerPortal = 3214043D1D242AB800142DD9 /* Project object */;
			proxyType = 1;
			remoteGlobalIDString = 32ED5A2A1D32A08300142DD9;
			remoteInfo = Argo;
		};
/* End PBXContainerItemProxy section */

/* Begin PBXCopyFilesBuildPhase section */
		32ED5A371D32A08300142DD9 /* Embed Frameworks */ = {
			isa = PBXCopyFilesBuildPhase;
			buildActionMask = 2147483647;
			dstPath = "";
			dstSubfolderSpec = 10;
			files = (
				32ED5A331D32A08300142DD9 /* Argo.framework in Embed Frameworks */,
			);
			name = "Embed Frameworks";
			runOnlyForDeploymentPostprocessing = 0;
		};
/* End PBXCopyFilesBuildPhase section */

/* Begin PBXFileReference section */
		1E7670E7ED5CC9C97BE2E83C /* Pods-ArgoApp.release.xcconfig */ = {isa = PBXFileReference; includeInIndex = 1; lastKnownFileType = text.xcconfig; name = "Pods-ArgoApp.release.xcconfig"; path = "Pods/Target Support Files/Pods-ArgoApp/Pods-ArgoApp.release.xcconfig"; sourceTree = "<group>"; };
		320958241D246E5E00142DD9 /* R.generated.swift */ = {isa = PBXFileReference; fileEncoding = 4; lastKnownFileType = sourcecode.swift; path = R.generated.swift; sourceTree = "<group>"; };
		321404451D242AB800142DD9 /* ArgoApp.app */ = {isa = PBXFileReference; explicitFileType = wrapper.application; includeInIndex = 0; path = ArgoApp.app; sourceTree = BUILT_PRODUCTS_DIR; };
		321404481D242AB800142DD9 /* AppDelegate.swift */ = {isa = PBXFileReference; lastKnownFileType = sourcecode.swift; path = AppDelegate.swift; sourceTree = "<group>"; };
		3214044A1D242AB800142DD9 /* ViewController.swift */ = {isa = PBXFileReference; lastKnownFileType = sourcecode.swift; path = ViewController.swift; sourceTree = "<group>"; };
		3214044D1D242AB800142DD9 /* Base */ = {isa = PBXFileReference; lastKnownFileType = file.storyboard; name = Base; path = Base.lproj/Main.storyboard; sourceTree = "<group>"; };
		3214044F1D242AB800142DD9 /* Assets.xcassets */ = {isa = PBXFileReference; lastKnownFileType = folder.assetcatalog; name = Assets.xcassets; path = ArgoApp/Assets.xcassets; sourceTree = "<group>"; };
		321404521D242AB800142DD9 /* Base */ = {isa = PBXFileReference; lastKnownFileType = file.storyboard; name = Base; path = Base.lproj/LaunchScreen.storyboard; sourceTree = "<group>"; };
		321404541D242AB800142DD9 /* Info.plist */ = {isa = PBXFileReference; lastKnownFileType = text.plist.xml; name = Info.plist; path = ArgoApp/Info.plist; sourceTree = "<group>"; };
		321404591D242AB800142DD9 /* ArgoAppTests.xctest */ = {isa = PBXFileReference; explicitFileType = wrapper.cfbundle; includeInIndex = 0; path = ArgoAppTests.xctest; sourceTree = BUILT_PRODUCTS_DIR; };
		3214045D1D242AB800142DD9 /* ArgoAppTests.swift */ = {isa = PBXFileReference; lastKnownFileType = sourcecode.swift; path = ArgoAppTests.swift; sourceTree = "<group>"; };
		3214045F1D242AB800142DD9 /* Info.plist */ = {isa = PBXFileReference; lastKnownFileType = text.plist.xml; path = Info.plist; sourceTree = "<group>"; };
		321404641D242AB800142DD9 /* ArgoAppUITests.xctest */ = {isa = PBXFileReference; explicitFileType = wrapper.cfbundle; includeInIndex = 0; path = ArgoAppUITests.xctest; sourceTree = BUILT_PRODUCTS_DIR; };
		321404681D242AB800142DD9 /* ArgoAppUITests.swift */ = {isa = PBXFileReference; lastKnownFileType = sourcecode.swift; path = ArgoAppUITests.swift; sourceTree = "<group>"; };
		3214046A1D242AB800142DD9 /* Info.plist */ = {isa = PBXFileReference; lastKnownFileType = text.plist.xml; path = Info.plist; sourceTree = "<group>"; };
		3269D0971D24621500142DD9 /* libdjinni_objc.a */ = {isa = PBXFileReference; lastKnownFileType = archive.ar; name = libdjinni_objc.a; path = "../dependencies/djinni/support-lib/build/Debug-iphoneos/libdjinni_objc.a"; sourceTree = "<group>"; };
		3269D0981D24621500142DD9 /* libArgo_objc.a */ = {isa = PBXFileReference; lastKnownFileType = archive.ar; name = libArgo_objc.a; path = "../build/Debug-iphoneos/libArgo_objc.a"; sourceTree = "<group>"; };
		3269D0991D24621500142DD9 /* libArgo.a */ = {isa = PBXFileReference; lastKnownFileType = archive.ar; name = libArgo.a; path = "../build/Debug-iphoneos/libArgo.a"; sourceTree = "<group>"; };
		32ED5A2B1D32A08300142DD9 /* Argo.framework */ = {isa = PBXFileReference; explicitFileType = wrapper.framework; includeInIndex = 0; path = Argo.framework; sourceTree = BUILT_PRODUCTS_DIR; };
		32ED5A2D1D32A08300142DD9 /* Argo.h */ = {isa = PBXFileReference; lastKnownFileType = sourcecode.c.h; path = Argo.h; sourceTree = "<group>"; };
		32ED5A2F1D32A08300142DD9 /* Info.plist */ = {isa = PBXFileReference; lastKnownFileType = text.plist.xml; path = Info.plist; sourceTree = "<group>"; };
		32ED5A391D32A11400142DD9 /* libArgo_objc.a */ = {isa = PBXFileReference; lastKnownFileType = archive.ar; name = libArgo_objc.a; path = "../../../Library/Developer/Xcode/DerivedData/ArgoApp-cllrmclybpnmqibcbpgrsbqlobmy/Build/Products/Debug-iphonesimulator/libArgo_objc.a"; sourceTree = "<group>"; };
		32ED5A3A1D32A11400142DD9 /* libArgo.a */ = {isa = PBXFileReference; lastKnownFileType = archive.ar; name = libArgo.a; path = "../../../Library/Developer/Xcode/DerivedData/ArgoApp-cllrmclybpnmqibcbpgrsbqlobmy/Build/Products/Debug-iphonesimulator/libArgo.a"; sourceTree = "<group>"; };
		32ED5A3B1D32A11400142DD9 /* libdjinni_objc.a */ = {isa = PBXFileReference; lastKnownFileType = archive.ar; name = libdjinni_objc.a; path = "../../../Library/Developer/Xcode/DerivedData/ArgoApp-cllrmclybpnmqibcbpgrsbqlobmy/Build/Products/Debug-iphonesimulator/libdjinni_objc.a"; sourceTree = "<group>"; };
		32ED5A3F1D32A1B800142DD9 /* RecordGetterDelegate.swift */ = {isa = PBXFileReference; fileEncoding = 4; lastKnownFileType = sourcecode.swift; path = RecordGetterDelegate.swift; sourceTree = "<group>"; };
		32ED5A461D32A62900142DD9 /* module.modulemap */ = {isa = PBXFileReference; fileEncoding = 4; lastKnownFileType = "sourcecode.module-map"; path = module.modulemap; sourceTree = "<group>"; };
		32ED5A491D32A91D00142DD9 /* XFMyRecord.h */ = {isa = PBXFileReference; fileEncoding = 4; lastKnownFileType = sourcecode.c.h; name = XFMyRecord.h; path = generated/XFMyRecord.h; sourceTree = SOURCE_ROOT; };
		32ED5A4A1D32A91D00142DD9 /* XFMyRecordGetter.h */ = {isa = PBXFileReference; fileEncoding = 4; lastKnownFileType = sourcecode.c.h; name = XFMyRecordGetter.h; path = generated/XFMyRecordGetter.h; sourceTree = SOURCE_ROOT; };
		32ED5A4B1D32A91D00142DD9 /* XFMyRecordGetterDelegate.h */ = {isa = PBXFileReference; fileEncoding = 4; lastKnownFileType = sourcecode.c.h; name = XFMyRecordGetterDelegate.h; path = generated/XFMyRecordGetterDelegate.h; sourceTree = SOURCE_ROOT; };
		3DEBC53978A47332D975E450 /* Pods_ArgoAppUITests.framework */ = {isa = PBXFileReference; explicitFileType = wrapper.framework; includeInIndex = 0; path = Pods_ArgoAppUITests.framework; sourceTree = BUILT_PRODUCTS_DIR; };
		44B2F6B3F54BC1380309B18C /* Pods_ArgoAppTests.framework */ = {isa = PBXFileReference; explicitFileType = wrapper.framework; includeInIndex = 0; path = Pods_ArgoAppTests.framework; sourceTree = BUILT_PRODUCTS_DIR; };
		4C5A864C1D328AFA0045CE55 /* HTTPRequestor.swift */ = {isa = PBXFileReference; fileEncoding = 4; lastKnownFileType = sourcecode.swift; path = HTTPRequestor.swift; sourceTree = "<group>"; };
		4D820CC4CF083E465010004C /* Pods_ArgoApp.framework */ = {isa = PBXFileReference; explicitFileType = wrapper.framework; includeInIndex = 0; path = Pods_ArgoApp.framework; sourceTree = BUILT_PRODUCTS_DIR; };
		734F3B411CA37DECEC3E832A /* Pods-ArgoApp.debug.xcconfig */ = {isa = PBXFileReference; includeInIndex = 1; lastKnownFileType = text.xcconfig; name = "Pods-ArgoApp.debug.xcconfig"; path = "Pods/Target Support Files/Pods-ArgoApp/Pods-ArgoApp.debug.xcconfig"; sourceTree = "<group>"; };
		84D965FB6575A1321483159A /* Pods-ArgoAppTests.debug.xcconfig */ = {isa = PBXFileReference; includeInIndex = 1; lastKnownFileType = text.xcconfig; name = "Pods-ArgoAppTests.debug.xcconfig"; path = "Pods/Target Support Files/Pods-ArgoAppTests/Pods-ArgoAppTests.debug.xcconfig"; sourceTree = "<group>"; };
		DF696C8A8CE89C2FFF658520 /* Pods-ArgoAppTests.release.xcconfig */ = {isa = PBXFileReference; includeInIndex = 1; lastKnownFileType = text.xcconfig; name = "Pods-ArgoAppTests.release.xcconfig"; path = "Pods/Target Support Files/Pods-ArgoAppTests/Pods-ArgoAppTests.release.xcconfig"; sourceTree = "<group>"; };
		EC958E95D9C4101F30AA4C40 /* Pods-ArgoAppUITests.release.xcconfig */ = {isa = PBXFileReference; includeInIndex = 1; lastKnownFileType = text.xcconfig; name = "Pods-ArgoAppUITests.release.xcconfig"; path = "Pods/Target Support Files/Pods-ArgoAppUITests/Pods-ArgoAppUITests.release.xcconfig"; sourceTree = "<group>"; };
		EE9EB78CF9599173E87FB5F6 /* Pods-ArgoAppUITests.debug.xcconfig */ = {isa = PBXFileReference; includeInIndex = 1; lastKnownFileType = text.xcconfig; name = "Pods-ArgoAppUITests.debug.xcconfig"; path = "Pods/Target Support Files/Pods-ArgoAppUITests/Pods-ArgoAppUITests.debug.xcconfig"; sourceTree = "<group>"; };
/* End PBXFileReference section */

/* Begin PBXFrameworksBuildPhase section */
		321404421D242AB800142DD9 /* Frameworks */ = {
			isa = PBXFrameworksBuildPhase;
			buildActionMask = 2147483647;
			files = (
				32ED5A321D32A08300142DD9 /* Argo.framework in Frameworks */,
				F7A11BB17E8C5DD856D84879 /* Pods_ArgoApp.framework in Frameworks */,
			);
			runOnlyForDeploymentPostprocessing = 0;
		};
		321404561D242AB800142DD9 /* Frameworks */ = {
			isa = PBXFrameworksBuildPhase;
			buildActionMask = 2147483647;
			files = (
				1A68AF781F39F4DC9E73FFFC /* Pods_ArgoAppTests.framework in Frameworks */,
			);
			runOnlyForDeploymentPostprocessing = 0;
		};
		321404611D242AB800142DD9 /* Frameworks */ = {
			isa = PBXFrameworksBuildPhase;
			buildActionMask = 2147483647;
			files = (
				18CF53D6B46106217240E36E /* Pods_ArgoAppUITests.framework in Frameworks */,
			);
			runOnlyForDeploymentPostprocessing = 0;
		};
		32ED5A271D32A08300142DD9 /* Frameworks */ = {
			isa = PBXFrameworksBuildPhase;
			buildActionMask = 2147483647;
			files = (
				32ED5A3C1D32A11400142DD9 /* libArgo_objc.a in Frameworks */,
				32ED5A3D1D32A11400142DD9 /* libArgo.a in Frameworks */,
				32ED5A3E1D32A11400142DD9 /* libdjinni_objc.a in Frameworks */,
			);
			runOnlyForDeploymentPostprocessing = 0;
		};
/* End PBXFrameworksBuildPhase section */

/* Begin PBXGroup section */
		17FC35B2447A3615D8EEEADF /* Frameworks */ = {
			isa = PBXGroup;
			children = (
				32ED5A391D32A11400142DD9 /* libArgo_objc.a */,
				32ED5A3A1D32A11400142DD9 /* libArgo.a */,
				32ED5A3B1D32A11400142DD9 /* libdjinni_objc.a */,
				4D820CC4CF083E465010004C /* Pods_ArgoApp.framework */,
				44B2F6B3F54BC1380309B18C /* Pods_ArgoAppTests.framework */,
				3DEBC53978A47332D975E450 /* Pods_ArgoAppUITests.framework */,
			);
			name = Frameworks;
			sourceTree = "<group>";
		};
		3214043C1D242AB800142DD9 = {
			isa = PBXGroup;
			children = (
				321404471D242AB800142DD9 /* ArgoApp */,
				32ED5A2C1D32A08300142DD9 /* Argo */,
				3214045C1D242AB800142DD9 /* ArgoAppTests */,
				321404671D242AB800142DD9 /* ArgoAppUITests */,
				3269D0601D242C0A00142DD9 /* Supporting Files */,
				321404461D242AB800142DD9 /* Products */,
				D92D7A898445A5A31D89540B /* Pods */,
				17FC35B2447A3615D8EEEADF /* Frameworks */,
			);
			sourceTree = "<group>";
		};
		321404461D242AB800142DD9 /* Products */ = {
			isa = PBXGroup;
			children = (
				321404451D242AB800142DD9 /* ArgoApp.app */,
				321404591D242AB800142DD9 /* ArgoAppTests.xctest */,
				321404641D242AB800142DD9 /* ArgoAppUITests.xctest */,
				32ED5A2B1D32A08300142DD9 /* Argo.framework */,
			);
			name = Products;
			sourceTree = "<group>";
		};
		321404471D242AB800142DD9 /* ArgoApp */ = {
			isa = PBXGroup;
			children = (
				321404481D242AB800142DD9 /* AppDelegate.swift */,
				3214044A1D242AB800142DD9 /* ViewController.swift */,
				4C5A864C1D328AFA0045CE55 /* HTTPRequestor.swift */,
			);
			path = ArgoApp;
			sourceTree = "<group>";
		};
		3214045C1D242AB800142DD9 /* ArgoAppTests */ = {
			isa = PBXGroup;
			children = (
				3214045D1D242AB800142DD9 /* ArgoAppTests.swift */,
				3214045F1D242AB800142DD9 /* Info.plist */,
			);
			path = ArgoAppTests;
			sourceTree = "<group>";
		};
		321404671D242AB800142DD9 /* ArgoAppUITests */ = {
			isa = PBXGroup;
			children = (
				321404681D242AB800142DD9 /* ArgoAppUITests.swift */,
				3214046A1D242AB800142DD9 /* Info.plist */,
			);
			path = ArgoAppUITests;
			sourceTree = "<group>";
		};
		3269D0601D242C0A00142DD9 /* Supporting Files */ = {
			isa = PBXGroup;
			children = (
				320958241D246E5E00142DD9 /* R.generated.swift */,
				3269D0971D24621500142DD9 /* libdjinni_objc.a */,
				3269D0981D24621500142DD9 /* libArgo_objc.a */,
				3269D0991D24621500142DD9 /* libArgo.a */,
				3214044C1D242AB800142DD9 /* Main.storyboard */,
				3214044F1D242AB800142DD9 /* Assets.xcassets */,
				321404511D242AB800142DD9 /* LaunchScreen.storyboard */,
				321404541D242AB800142DD9 /* Info.plist */,
			);
			name = "Supporting Files";
			sourceTree = "<group>";
		};
		32ED5A2C1D32A08300142DD9 /* Argo */ = {
			isa = PBXGroup;
			children = (
				32ED5A481D32A8F000142DD9 /* Header */,
				32ED5A2F1D32A08300142DD9 /* Info.plist */,
				32ED5A3F1D32A1B800142DD9 /* RecordGetterDelegate.swift */,
			);
			path = Argo;
			sourceTree = "<group>";
		};
		32ED5A481D32A8F000142DD9 /* Header */ = {
			isa = PBXGroup;
			children = (
				32ED5A491D32A91D00142DD9 /* XFMyRecord.h */,
				32ED5A4A1D32A91D00142DD9 /* XFMyRecordGetter.h */,
				32ED5A4B1D32A91D00142DD9 /* XFMyRecordGetterDelegate.h */,
				32ED5A2D1D32A08300142DD9 /* Argo.h */,
				32ED5A461D32A62900142DD9 /* module.modulemap */,
			);
			name = Header;
			sourceTree = "<group>";
		};
		D92D7A898445A5A31D89540B /* Pods */ = {
			isa = PBXGroup;
			children = (
				734F3B411CA37DECEC3E832A /* Pods-ArgoApp.debug.xcconfig */,
				1E7670E7ED5CC9C97BE2E83C /* Pods-ArgoApp.release.xcconfig */,
				84D965FB6575A1321483159A /* Pods-ArgoAppTests.debug.xcconfig */,
				DF696C8A8CE89C2FFF658520 /* Pods-ArgoAppTests.release.xcconfig */,
				EE9EB78CF9599173E87FB5F6 /* Pods-ArgoAppUITests.debug.xcconfig */,
				EC958E95D9C4101F30AA4C40 /* Pods-ArgoAppUITests.release.xcconfig */,
			);
			name = Pods;
			sourceTree = "<group>";
		};
/* End PBXGroup section */

/* Begin PBXHeadersBuildPhase section */
		32ED5A281D32A08300142DD9 /* Headers */ = {
			isa = PBXHeadersBuildPhase;
			buildActionMask = 2147483647;
			files = (
				32ED5A2E1D32A08300142DD9 /* Argo.h in Headers */,
				32ED5A4C1D32A91D00142DD9 /* XFMyRecord.h in Headers */,
				32ED5A4D1D32A91D00142DD9 /* XFMyRecordGetter.h in Headers */,
				32ED5A4E1D32A91D00142DD9 /* XFMyRecordGetterDelegate.h in Headers */,
			);
			runOnlyForDeploymentPostprocessing = 0;
		};
/* End PBXHeadersBuildPhase section */

/* Begin PBXNativeTarget section */
		321404441D242AB800142DD9 /* ArgoApp */ = {
			isa = PBXNativeTarget;
			buildConfigurationList = 3214046D1D242AB800142DD9 /* Build configuration list for PBXNativeTarget "ArgoApp" */;
			buildPhases = (
				6DAED021E42D9288A86EC338 /* [CP] Check Pods Manifest.lock */,
				320958231D246E1500142DD9 /* ShellScript */,
				321404411D242AB800142DD9 /* Sources */,
				321404421D242AB800142DD9 /* Frameworks */,
				321404431D242AB800142DD9 /* Resources */,
				0C5EB258CCFCECEF451F9C28 /* [CP] Embed Pods Frameworks */,
				06795FC6A8B6BD25E0FEF078 /* [CP] Copy Pods Resources */,
				32ED5A371D32A08300142DD9 /* Embed Frameworks */,
			);
			buildRules = (
			);
			dependencies = (
				32ED5A311D32A08300142DD9 /* PBXTargetDependency */,
			);
			name = ArgoApp;
			productName = ArgoApp;
			productReference = 321404451D242AB800142DD9 /* ArgoApp.app */;
			productType = "com.apple.product-type.application";
		};
		321404581D242AB800142DD9 /* ArgoAppTests */ = {
			isa = PBXNativeTarget;
			buildConfigurationList = 321404701D242AB800142DD9 /* Build configuration list for PBXNativeTarget "ArgoAppTests" */;
			buildPhases = (
				D580F36EAA2836E34081083D /* [CP] Check Pods Manifest.lock */,
				321404551D242AB800142DD9 /* Sources */,
				321404561D242AB800142DD9 /* Frameworks */,
				321404571D242AB800142DD9 /* Resources */,
				DE6C4499215CBC228B4FC428 /* [CP] Embed Pods Frameworks */,
				A9660437D563B1B6A42852C5 /* [CP] Copy Pods Resources */,
			);
			buildRules = (
			);
			dependencies = (
				3214045B1D242AB800142DD9 /* PBXTargetDependency */,
			);
			name = ArgoAppTests;
			productName = ArgoAppTests;
			productReference = 321404591D242AB800142DD9 /* ArgoAppTests.xctest */;
			productType = "com.apple.product-type.bundle.unit-test";
		};
		321404631D242AB800142DD9 /* ArgoAppUITests */ = {
			isa = PBXNativeTarget;
			buildConfigurationList = 321404731D242AB800142DD9 /* Build configuration list for PBXNativeTarget "ArgoAppUITests" */;
			buildPhases = (
				7C4DE78B7C071E14E066509C /* [CP] Check Pods Manifest.lock */,
				321404601D242AB800142DD9 /* Sources */,
				321404611D242AB800142DD9 /* Frameworks */,
				321404621D242AB800142DD9 /* Resources */,
				148027632E11D88570E34120 /* [CP] Copy Pods Resources */,
			);
			buildRules = (
			);
			dependencies = (
				321404661D242AB800142DD9 /* PBXTargetDependency */,
			);
			name = ArgoAppUITests;
			productName = ArgoAppUITests;
			productReference = 321404641D242AB800142DD9 /* ArgoAppUITests.xctest */;
			productType = "com.apple.product-type.bundle.ui-testing";
		};
		32ED5A2A1D32A08300142DD9 /* Argo */ = {
			isa = PBXNativeTarget;
			buildConfigurationList = 32ED5A361D32A08300142DD9 /* Build configuration list for PBXNativeTarget "Argo" */;
			buildPhases = (
				32ED5A261D32A08300142DD9 /* Sources */,
				32ED5A271D32A08300142DD9 /* Frameworks */,
				32ED5A281D32A08300142DD9 /* Headers */,
				32ED5A291D32A08300142DD9 /* Resources */,
			);
			buildRules = (
			);
			dependencies = (
			);
			name = Argo;
			productName = Argo;
			productReference = 32ED5A2B1D32A08300142DD9 /* Argo.framework */;
			productType = "com.apple.product-type.framework";
		};
/* End PBXNativeTarget section */

/* Begin PBXProject section */
		3214043D1D242AB800142DD9 /* Project object */ = {
			isa = PBXProject;
			attributes = {
				LastSwiftUpdateCheck = 0730;
				LastUpgradeCheck = 0730;
				TargetAttributes = {
					321404441D242AB800142DD9 = {
						CreatedOnToolsVersion = 7.3.1;
					};
					321404581D242AB800142DD9 = {
						CreatedOnToolsVersion = 7.3.1;
						TestTargetID = 321404441D242AB800142DD9;
					};
					321404631D242AB800142DD9 = {
						CreatedOnToolsVersion = 7.3.1;
						TestTargetID = 321404441D242AB800142DD9;
					};
					32ED5A2A1D32A08300142DD9 = {
						CreatedOnToolsVersion = 7.3.1;
					};
				};
			};
			buildConfigurationList = 321404401D242AB800142DD9 /* Build configuration list for PBXProject "ArgoApp" */;
			compatibilityVersion = "Xcode 3.2";
			developmentRegion = English;
			hasScannedForEncodings = 0;
			knownRegions = (
				en,
				Base,
			);
			mainGroup = 3214043C1D242AB800142DD9;
			productRefGroup = 321404461D242AB800142DD9 /* Products */;
			projectDirPath = "";
			projectRoot = "";
			targets = (
				321404441D242AB800142DD9 /* ArgoApp */,
				32ED5A2A1D32A08300142DD9 /* Argo */,
				321404581D242AB800142DD9 /* ArgoAppTests */,
				321404631D242AB800142DD9 /* ArgoAppUITests */,
			);
		};
/* End PBXProject section */

/* Begin PBXResourcesBuildPhase section */
		321404431D242AB800142DD9 /* Resources */ = {
			isa = PBXResourcesBuildPhase;
			buildActionMask = 2147483647;
			files = (
				321404531D242AB800142DD9 /* LaunchScreen.storyboard in Resources */,
				321404501D242AB800142DD9 /* Assets.xcassets in Resources */,
				3214044E1D242AB800142DD9 /* Main.storyboard in Resources */,
			);
			runOnlyForDeploymentPostprocessing = 0;
		};
		321404571D242AB800142DD9 /* Resources */ = {
			isa = PBXResourcesBuildPhase;
			buildActionMask = 2147483647;
			files = (
			);
			runOnlyForDeploymentPostprocessing = 0;
		};
		321404621D242AB800142DD9 /* Resources */ = {
			isa = PBXResourcesBuildPhase;
			buildActionMask = 2147483647;
			files = (
			);
			runOnlyForDeploymentPostprocessing = 0;
		};
		32ED5A291D32A08300142DD9 /* Resources */ = {
			isa = PBXResourcesBuildPhase;
			buildActionMask = 2147483647;
			files = (
			);
			runOnlyForDeploymentPostprocessing = 0;
		};
/* End PBXResourcesBuildPhase section */

/* Begin PBXShellScriptBuildPhase section */
		06795FC6A8B6BD25E0FEF078 /* [CP] Copy Pods Resources */ = {
			isa = PBXShellScriptBuildPhase;
			buildActionMask = 2147483647;
			files = (
			);
			inputPaths = (
			);
			name = "[CP] Copy Pods Resources";
			outputPaths = (
			);
			runOnlyForDeploymentPostprocessing = 0;
			shellPath = /bin/sh;
			shellScript = "\"${SRCROOT}/Pods/Target Support Files/Pods-ArgoApp/Pods-ArgoApp-resources.sh\"\n";
			showEnvVarsInLog = 0;
		};
		0C5EB258CCFCECEF451F9C28 /* [CP] Embed Pods Frameworks */ = {
			isa = PBXShellScriptBuildPhase;
			buildActionMask = 2147483647;
			files = (
			);
			inputPaths = (
			);
			name = "[CP] Embed Pods Frameworks";
			outputPaths = (
			);
			runOnlyForDeploymentPostprocessing = 0;
			shellPath = /bin/sh;
			shellScript = "\"${SRCROOT}/Pods/Target Support Files/Pods-ArgoApp/Pods-ArgoApp-frameworks.sh\"\n";
			showEnvVarsInLog = 0;
		};
		148027632E11D88570E34120 /* [CP] Copy Pods Resources */ = {
			isa = PBXShellScriptBuildPhase;
			buildActionMask = 2147483647;
			files = (
			);
			inputPaths = (
			);
			name = "[CP] Copy Pods Resources";
			outputPaths = (
			);
			runOnlyForDeploymentPostprocessing = 0;
			shellPath = /bin/sh;
			shellScript = "\"${SRCROOT}/Pods/Target Support Files/Pods-ArgoAppUITests/Pods-ArgoAppUITests-resources.sh\"\n";
			showEnvVarsInLog = 0;
		};
		320958231D246E1500142DD9 /* ShellScript */ = {
			isa = PBXShellScriptBuildPhase;
			buildActionMask = 2147483647;
			files = (
			);
			inputPaths = (
			);
			outputPaths = (
			);
			runOnlyForDeploymentPostprocessing = 0;
			shellPath = /bin/sh;
			shellScript = "\"$PODS_ROOT/R.swift/rswift\" \"$SRCROOT\"";
		};
		6DAED021E42D9288A86EC338 /* [CP] Check Pods Manifest.lock */ = {
			isa = PBXShellScriptBuildPhase;
			buildActionMask = 2147483647;
			files = (
			);
			inputPaths = (
			);
			name = "[CP] Check Pods Manifest.lock";
			outputPaths = (
			);
			runOnlyForDeploymentPostprocessing = 0;
			shellPath = /bin/sh;
			shellScript = "diff \"${PODS_ROOT}/../Podfile.lock\" \"${PODS_ROOT}/Manifest.lock\" > /dev/null\nif [[ $? != 0 ]] ; then\n    cat << EOM\nerror: The sandbox is not in sync with the Podfile.lock. Run 'pod install' or update your CocoaPods installation.\nEOM\n    exit 1\nfi\n";
			showEnvVarsInLog = 0;
		};
		7C4DE78B7C071E14E066509C /* [CP] Check Pods Manifest.lock */ = {
			isa = PBXShellScriptBuildPhase;
			buildActionMask = 2147483647;
			files = (
			);
			inputPaths = (
			);
			name = "[CP] Check Pods Manifest.lock";
			outputPaths = (
			);
			runOnlyForDeploymentPostprocessing = 0;
			shellPath = /bin/sh;
			shellScript = "diff \"${PODS_ROOT}/../Podfile.lock\" \"${PODS_ROOT}/Manifest.lock\" > /dev/null\nif [[ $? != 0 ]] ; then\n    cat << EOM\nerror: The sandbox is not in sync with the Podfile.lock. Run 'pod install' or update your CocoaPods installation.\nEOM\n    exit 1\nfi\n";
			showEnvVarsInLog = 0;
		};
		A9660437D563B1B6A42852C5 /* [CP] Copy Pods Resources */ = {
			isa = PBXShellScriptBuildPhase;
			buildActionMask = 2147483647;
			files = (
			);
			inputPaths = (
			);
			name = "[CP] Copy Pods Resources";
			outputPaths = (
			);
			runOnlyForDeploymentPostprocessing = 0;
			shellPath = /bin/sh;
			shellScript = "\"${SRCROOT}/Pods/Target Support Files/Pods-ArgoAppTests/Pods-ArgoAppTests-resources.sh\"\n";
			showEnvVarsInLog = 0;
		};
		D580F36EAA2836E34081083D /* [CP] Check Pods Manifest.lock */ = {
			isa = PBXShellScriptBuildPhase;
			buildActionMask = 2147483647;
			files = (
			);
			inputPaths = (
			);
			name = "[CP] Check Pods Manifest.lock";
			outputPaths = (
			);
			runOnlyForDeploymentPostprocessing = 0;
			shellPath = /bin/sh;
			shellScript = "diff \"${PODS_ROOT}/../Podfile.lock\" \"${PODS_ROOT}/Manifest.lock\" > /dev/null\nif [[ $? != 0 ]] ; then\n    cat << EOM\nerror: The sandbox is not in sync with the Podfile.lock. Run 'pod install' or update your CocoaPods installation.\nEOM\n    exit 1\nfi\n";
			showEnvVarsInLog = 0;
		};
		DE6C4499215CBC228B4FC428 /* [CP] Embed Pods Frameworks */ = {
			isa = PBXShellScriptBuildPhase;
			buildActionMask = 2147483647;
			files = (
			);
			inputPaths = (
			);
			name = "[CP] Embed Pods Frameworks";
			outputPaths = (
			);
			runOnlyForDeploymentPostprocessing = 0;
			shellPath = /bin/sh;
			shellScript = "\"${SRCROOT}/Pods/Target Support Files/Pods-ArgoAppTests/Pods-ArgoAppTests-frameworks.sh\"\n";
			showEnvVarsInLog = 0;
		};
/* End PBXShellScriptBuildPhase section */

/* Begin PBXSourcesBuildPhase section */
		321404411D242AB800142DD9 /* Sources */ = {
			isa = PBXSourcesBuildPhase;
			buildActionMask = 2147483647;
			files = (
				3214044B1D242AB800142DD9 /* ViewController.swift in Sources */,
				321404491D242AB800142DD9 /* AppDelegate.swift in Sources */,
				320958251D246E5E00142DD9 /* R.generated.swift in Sources */,
				4C5A864D1D328AFA0045CE55 /* HTTPRequestor.swift in Sources */,
			);
			runOnlyForDeploymentPostprocessing = 0;
		};
		321404551D242AB800142DD9 /* Sources */ = {
			isa = PBXSourcesBuildPhase;
			buildActionMask = 2147483647;
			files = (
				3214045E1D242AB800142DD9 /* ArgoAppTests.swift in Sources */,
			);
			runOnlyForDeploymentPostprocessing = 0;
		};
		321404601D242AB800142DD9 /* Sources */ = {
			isa = PBXSourcesBuildPhase;
			buildActionMask = 2147483647;
			files = (
				321404691D242AB800142DD9 /* ArgoAppUITests.swift in Sources */,
			);
			runOnlyForDeploymentPostprocessing = 0;
		};
		32ED5A261D32A08300142DD9 /* Sources */ = {
			isa = PBXSourcesBuildPhase;
			buildActionMask = 2147483647;
			files = (
				32ED5A401D32A1B800142DD9 /* RecordGetterDelegate.swift in Sources */,
			);
			runOnlyForDeploymentPostprocessing = 0;
		};
/* End PBXSourcesBuildPhase section */

/* Begin PBXTargetDependency section */
		3214045B1D242AB800142DD9 /* PBXTargetDependency */ = {
			isa = PBXTargetDependency;
			target = 321404441D242AB800142DD9 /* ArgoApp */;
			targetProxy = 3214045A1D242AB800142DD9 /* PBXContainerItemProxy */;
		};
		321404661D242AB800142DD9 /* PBXTargetDependency */ = {
			isa = PBXTargetDependency;
			target = 321404441D242AB800142DD9 /* ArgoApp */;
			targetProxy = 321404651D242AB800142DD9 /* PBXContainerItemProxy */;
		};
		32ED5A311D32A08300142DD9 /* PBXTargetDependency */ = {
			isa = PBXTargetDependency;
			target = 32ED5A2A1D32A08300142DD9 /* Argo */;
			targetProxy = 32ED5A301D32A08300142DD9 /* PBXContainerItemProxy */;
		};
/* End PBXTargetDependency section */

/* Begin PBXVariantGroup section */
		3214044C1D242AB800142DD9 /* Main.storyboard */ = {
			isa = PBXVariantGroup;
			children = (
				3214044D1D242AB800142DD9 /* Base */,
			);
			name = Main.storyboard;
			path = ArgoApp;
			sourceTree = "<group>";
		};
		321404511D242AB800142DD9 /* LaunchScreen.storyboard */ = {
			isa = PBXVariantGroup;
			children = (
				321404521D242AB800142DD9 /* Base */,
			);
			name = LaunchScreen.storyboard;
			path = ArgoApp;
			sourceTree = "<group>";
		};
/* End PBXVariantGroup section */

/* Begin XCBuildConfiguration section */
		3214046B1D242AB800142DD9 /* Debug */ = {
			isa = XCBuildConfiguration;
			buildSettings = {
				ALWAYS_SEARCH_USER_PATHS = NO;
				CLANG_ANALYZER_NONNULL = YES;
				CLANG_CXX_LANGUAGE_STANDARD = "gnu++0x";
				CLANG_CXX_LIBRARY = "libc++";
				CLANG_ENABLE_MODULES = YES;
				CLANG_ENABLE_OBJC_ARC = YES;
				CLANG_WARN_BOOL_CONVERSION = YES;
				CLANG_WARN_CONSTANT_CONVERSION = YES;
				CLANG_WARN_DIRECT_OBJC_ISA_USAGE = YES_ERROR;
				CLANG_WARN_EMPTY_BODY = YES;
				CLANG_WARN_ENUM_CONVERSION = YES;
				CLANG_WARN_INT_CONVERSION = YES;
				CLANG_WARN_OBJC_ROOT_CLASS = YES_ERROR;
				CLANG_WARN_UNREACHABLE_CODE = YES;
				CLANG_WARN__DUPLICATE_METHOD_MATCH = YES;
				"CODE_SIGN_IDENTITY[sdk=iphoneos*]" = "iPhone Developer";
				COPY_PHASE_STRIP = NO;
				DEBUG_INFORMATION_FORMAT = dwarf;
				ENABLE_STRICT_OBJC_MSGSEND = YES;
				ENABLE_TESTABILITY = YES;
				GCC_C_LANGUAGE_STANDARD = gnu99;
				GCC_DYNAMIC_NO_PIC = NO;
				GCC_NO_COMMON_BLOCKS = YES;
				GCC_OPTIMIZATION_LEVEL = 0;
				GCC_PREPROCESSOR_DEFINITIONS = (
					"DEBUG=1",
					"$(inherited)",
				);
				GCC_WARN_64_TO_32_BIT_CONVERSION = YES;
				GCC_WARN_ABOUT_RETURN_TYPE = YES_ERROR;
				GCC_WARN_UNDECLARED_SELECTOR = YES;
				GCC_WARN_UNINITIALIZED_AUTOS = YES_AGGRESSIVE;
				GCC_WARN_UNUSED_FUNCTION = YES;
				GCC_WARN_UNUSED_VARIABLE = YES;
				IPHONEOS_DEPLOYMENT_TARGET = 9.3;
				MTL_ENABLE_DEBUG_INFO = YES;
				ONLY_ACTIVE_ARCH = YES;
				SDKROOT = iphoneos;
				SWIFT_OPTIMIZATION_LEVEL = "-Onone";
				TARGETED_DEVICE_FAMILY = "1,2";
			};
			name = Debug;
		};
		3214046C1D242AB800142DD9 /* Release */ = {
			isa = XCBuildConfiguration;
			buildSettings = {
				ALWAYS_SEARCH_USER_PATHS = NO;
				CLANG_ANALYZER_NONNULL = YES;
				CLANG_CXX_LANGUAGE_STANDARD = "gnu++0x";
				CLANG_CXX_LIBRARY = "libc++";
				CLANG_ENABLE_MODULES = YES;
				CLANG_ENABLE_OBJC_ARC = YES;
				CLANG_WARN_BOOL_CONVERSION = YES;
				CLANG_WARN_CONSTANT_CONVERSION = YES;
				CLANG_WARN_DIRECT_OBJC_ISA_USAGE = YES_ERROR;
				CLANG_WARN_EMPTY_BODY = YES;
				CLANG_WARN_ENUM_CONVERSION = YES;
				CLANG_WARN_INT_CONVERSION = YES;
				CLANG_WARN_OBJC_ROOT_CLASS = YES_ERROR;
				CLANG_WARN_UNREACHABLE_CODE = YES;
				CLANG_WARN__DUPLICATE_METHOD_MATCH = YES;
				"CODE_SIGN_IDENTITY[sdk=iphoneos*]" = "iPhone Developer";
				COPY_PHASE_STRIP = NO;
				DEBUG_INFORMATION_FORMAT = "dwarf-with-dsym";
				ENABLE_NS_ASSERTIONS = NO;
				ENABLE_STRICT_OBJC_MSGSEND = YES;
				GCC_C_LANGUAGE_STANDARD = gnu99;
				GCC_NO_COMMON_BLOCKS = YES;
				GCC_WARN_64_TO_32_BIT_CONVERSION = YES;
				GCC_WARN_ABOUT_RETURN_TYPE = YES_ERROR;
				GCC_WARN_UNDECLARED_SELECTOR = YES;
				GCC_WARN_UNINITIALIZED_AUTOS = YES_AGGRESSIVE;
				GCC_WARN_UNUSED_FUNCTION = YES;
				GCC_WARN_UNUSED_VARIABLE = YES;
				IPHONEOS_DEPLOYMENT_TARGET = 9.3;
				MTL_ENABLE_DEBUG_INFO = NO;
				SDKROOT = iphoneos;
				TARGETED_DEVICE_FAMILY = "1,2";
				VALIDATE_PRODUCT = YES;
			};
			name = Release;
		};
		3214046E1D242AB800142DD9 /* Debug */ = {
			isa = XCBuildConfiguration;
			baseConfigurationReference = 734F3B411CA37DECEC3E832A /* Pods-ArgoApp.debug.xcconfig */;
			buildSettings = {
				ASSETCATALOG_COMPILER_APPICON_NAME = AppIcon;
				CLANG_ENABLE_MODULES = YES;
				CURRENT_PROJECT_VERSION = 1;
				EMBEDDED_CONTENT_CONTAINS_SWIFT = YES;
				HEADER_SEARCH_PATHS = "$(inherited)";
				INFOPLIST_FILE = ArgoApp/Info.plist;
				IPHONEOS_DEPLOYMENT_TARGET = 9.0;
				LD_RUNPATH_SEARCH_PATHS = "$(inherited) @executable_path/Frameworks";
				PRODUCT_BUNDLE_IDENTIFIER = at.xforge.argoENTIFIER.ArgoApp;
				PRODUCT_NAME = "$(TARGET_NAME)";
				SWIFT_OBJC_BRIDGING_HEADER = "";
				SWIFT_OPTIMIZATION_LEVEL = "-Onone";
				VERSIONING_SYSTEM = "apple-generic";
			};
			name = Debug;
		};
		3214046F1D242AB800142DD9 /* Release */ = {
			isa = XCBuildConfiguration;
			baseConfigurationReference = 1E7670E7ED5CC9C97BE2E83C /* Pods-ArgoApp.release.xcconfig */;
			buildSettings = {
				ASSETCATALOG_COMPILER_APPICON_NAME = AppIcon;
				CLANG_ENABLE_MODULES = YES;
				CURRENT_PROJECT_VERSION = 1;
				EMBEDDED_CONTENT_CONTAINS_SWIFT = YES;
				HEADER_SEARCH_PATHS = "$(inherited)";
				INFOPLIST_FILE = ArgoApp/Info.plist;
				IPHONEOS_DEPLOYMENT_TARGET = 9.0;
				LD_RUNPATH_SEARCH_PATHS = "$(inherited) @executable_path/Frameworks";
				PRODUCT_BUNDLE_IDENTIFIER = at.xforge.argoENTIFIER.ArgoApp;
				PRODUCT_NAME = "$(TARGET_NAME)";
				SWIFT_OBJC_BRIDGING_HEADER = "";
				VERSIONING_SYSTEM = "apple-generic";
			};
			name = Release;
		};
		321404711D242AB800142DD9 /* Debug */ = {
			isa = XCBuildConfiguration;
			baseConfigurationReference = 84D965FB6575A1321483159A /* Pods-ArgoAppTests.debug.xcconfig */;
			buildSettings = {
				BUNDLE_LOADER = "$(TEST_HOST)";
				HEADER_SEARCH_PATHS = (
					generated,
					"$(inherited)",
				);
				INFOPLIST_FILE = ArgoAppTests/Info.plist;
				LD_RUNPATH_SEARCH_PATHS = "$(inherited) @executable_path/Frameworks @loader_path/Frameworks";
				PRODUCT_BUNDLE_IDENTIFIER = at.xforge.argoENTIFIER.ArgoAppTests;
				PRODUCT_NAME = "$(TARGET_NAME)";
				TEST_HOST = "$(BUILT_PRODUCTS_DIR)/ArgoApp.app/ArgoApp";
			};
			name = Debug;
		};
		321404721D242AB800142DD9 /* Release */ = {
			isa = XCBuildConfiguration;
			baseConfigurationReference = DF696C8A8CE89C2FFF658520 /* Pods-ArgoAppTests.release.xcconfig */;
			buildSettings = {
				BUNDLE_LOADER = "$(TEST_HOST)";
				HEADER_SEARCH_PATHS = (
					generated,
					"$(inherited)",
				);
				INFOPLIST_FILE = ArgoAppTests/Info.plist;
				LD_RUNPATH_SEARCH_PATHS = "$(inherited) @executable_path/Frameworks @loader_path/Frameworks";
				PRODUCT_BUNDLE_IDENTIFIER = at.xforge.argoENTIFIER.ArgoAppTests;
				PRODUCT_NAME = "$(TARGET_NAME)";
				TEST_HOST = "$(BUILT_PRODUCTS_DIR)/ArgoApp.app/ArgoApp";
			};
			name = Release;
		};
		321404741D242AB800142DD9 /* Debug */ = {
			isa = XCBuildConfiguration;
			baseConfigurationReference = EE9EB78CF9599173E87FB5F6 /* Pods-ArgoAppUITests.debug.xcconfig */;
			buildSettings = {
				INFOPLIST_FILE = ArgoAppUITests/Info.plist;
				LD_RUNPATH_SEARCH_PATHS = "$(inherited) @executable_path/Frameworks @loader_path/Frameworks";
				PRODUCT_BUNDLE_IDENTIFIER = at.xforge.argoENTIFIER.ArgoAppUITests;
				PRODUCT_NAME = "$(TARGET_NAME)";
				TEST_TARGET_NAME = ArgoApp;
			};
			name = Debug;
		};
		321404751D242AB800142DD9 /* Release */ = {
			isa = XCBuildConfiguration;
			baseConfigurationReference = EC958E95D9C4101F30AA4C40 /* Pods-ArgoAppUITests.release.xcconfig */;
			buildSettings = {
				INFOPLIST_FILE = ArgoAppUITests/Info.plist;
				LD_RUNPATH_SEARCH_PATHS = "$(inherited) @executable_path/Frameworks @loader_path/Frameworks";
				PRODUCT_BUNDLE_IDENTIFIER = at.xforge.argoENTIFIER.ArgoAppUITests;
				PRODUCT_NAME = "$(TARGET_NAME)";
				TEST_TARGET_NAME = ArgoApp;
			};
			name = Release;
		};
		32ED5A341D32A08300142DD9 /* Debug */ = {
			isa = XCBuildConfiguration;
			buildSettings = {
				CLANG_ENABLE_MODULES = YES;
				CURRENT_PROJECT_VERSION = 1;
				DEFINES_MODULE = YES;
				DYLIB_COMPATIBILITY_VERSION = 1;
				DYLIB_CURRENT_VERSION = 1;
				DYLIB_INSTALL_NAME_BASE = "@rpath";
				HEADER_SEARCH_PATHS = generated;
				INFOPLIST_FILE = Argo/Info.plist;
				INSTALL_PATH = "$(LOCAL_LIBRARY_DIR)/Frameworks";
				IPHONEOS_DEPLOYMENT_TARGET = 9.0;
				LD_RUNPATH_SEARCH_PATHS = "$(inherited) @executable_path/Frameworks @loader_path/Frameworks";
				MODULEMAP_FILE = "$(SRCROOT)/Argo/module.modulemap";
				PRODUCT_BUNDLE_IDENTIFIER = at.xforge.Argo;
				PRODUCT_NAME = "$(TARGET_NAME)";
				SKIP_INSTALL = YES;
				SWIFT_OBJC_BRIDGING_HEADER = "";
				SWIFT_OPTIMIZATION_LEVEL = "-Onone";
				VERSIONING_SYSTEM = "apple-generic";
				VERSION_INFO_PREFIX = "";
			};
			name = Debug;
		};
		32ED5A351D32A08300142DD9 /* Release */ = {
			isa = XCBuildConfiguration;
			buildSettings = {
				CLANG_ENABLE_MODULES = YES;
				CURRENT_PROJECT_VERSION = 1;
				DEFINES_MODULE = YES;
				DYLIB_COMPATIBILITY_VERSION = 1;
				DYLIB_CURRENT_VERSION = 1;
				DYLIB_INSTALL_NAME_BASE = "@rpath";
				HEADER_SEARCH_PATHS = generated;
				INFOPLIST_FILE = Argo/Info.plist;
				INSTALL_PATH = "$(LOCAL_LIBRARY_DIR)/Frameworks";
				IPHONEOS_DEPLOYMENT_TARGET = 9.0;
				LD_RUNPATH_SEARCH_PATHS = "$(inherited) @executable_path/Frameworks @loader_path/Frameworks";
				MODULEMAP_FILE = "$(SRCROOT)/Argo/module.modulemap";
				PRODUCT_BUNDLE_IDENTIFIER = at.xforge.Argo;
				PRODUCT_NAME = "$(TARGET_NAME)";
				SKIP_INSTALL = YES;
				SWIFT_OBJC_BRIDGING_HEADER = "";
				VERSIONING_SYSTEM = "apple-generic";
				VERSION_INFO_PREFIX = "";
			};
			name = Release;
		};
/* End XCBuildConfiguration section */

/* Begin XCConfigurationList section */
		321404401D242AB800142DD9 /* Build configuration list for PBXProject "ArgoApp" */ = {
			isa = XCConfigurationList;
			buildConfigurations = (
				3214046B1D242AB800142DD9 /* Debug */,
				3214046C1D242AB800142DD9 /* Release */,
			);
			defaultConfigurationIsVisible = 0;
			defaultConfigurationName = Release;
		};
		3214046D1D242AB800142DD9 /* Build configuration list for PBXNativeTarget "ArgoApp" */ = {
			isa = XCConfigurationList;
			buildConfigurations = (
				3214046E1D242AB800142DD9 /* Debug */,
				3214046F1D242AB800142DD9 /* Release */,
			);
			defaultConfigurationIsVisible = 0;
			defaultConfigurationName = Release;
		};
		321404701D242AB800142DD9 /* Build configuration list for PBXNativeTarget "ArgoAppTests" */ = {
			isa = XCConfigurationList;
			buildConfigurations = (
				321404711D242AB800142DD9 /* Debug */,
				321404721D242AB800142DD9 /* Release */,
			);
			defaultConfigurationIsVisible = 0;
			defaultConfigurationName = Release;
		};
		321404731D242AB800142DD9 /* Build configuration list for PBXNativeTarget "ArgoAppUITests" */ = {
			isa = XCConfigurationList;
			buildConfigurations = (
				321404741D242AB800142DD9 /* Debug */,
				321404751D242AB800142DD9 /* Release */,
			);
			defaultConfigurationIsVisible = 0;
			defaultConfigurationName = Release;
		};
		32ED5A361D32A08300142DD9 /* Build configuration list for PBXNativeTarget "Argo" */ = {
			isa = XCConfigurationList;
			buildConfigurations = (
				32ED5A341D32A08300142DD9 /* Debug */,
				32ED5A351D32A08300142DD9 /* Release */,
			);
			defaultConfigurationIsVisible = 0;
			defaultConfigurationName = Release;
		};
/* End XCConfigurationList section */
	};
	rootObject = 3214043D1D242AB800142DD9 /* Project object */;
}
